
Microsoft Visual Studio Solution File, Format Version 12.00
# Visual Studio Version 17
VisualStudioVersion = 17.0.31903.59
MinimumVisualStudioVersion = 10.0.40219.1
Project("{FAE04EC0-301F-11D3-BF4B-00C04F79EFBC}") = "FanWidget", "FanWidget\FanWidget.csproj", "{B46D56F7-7D54-4A40-A6AB-4D4AD17ADEB6}"
EndProject
Project("{FAE04EC0-301F-11D3-BF4B-00C04F79EFBC}") = "FanWidget.Tools", "FanWidget.Tools\FanWidget.Tools.csproj", "{E32D5F77-F54A-4CC8-99C1-3630EE7CC94A}"
EndProject
Global
	GlobalSection(SolutionConfigurationPlatforms) = preSolution
		Debug|Any CPU = Debug|Any CPU
		Debug|x64 = Debug|x64
		Debug|x86 = Debug|x86
		Release|Any CPU = Release|Any CPU
		Release|x64 = Release|x64
		Release|x86 = Release|x86
	EndGlobalSection
	GlobalSection(ProjectConfigurationPlatforms) = postSolution
		{B46D56F7-7D54-4A40-A6AB-4D4AD17ADEB6}.Debug|Any CPU.ActiveCfg = Debug|Any CPU
		{B46D56F7-7D54-4A40-A6AB-4D4AD17ADEB6}.Debug|Any CPU.Build.0 = Debug|Any CPU
		{B46D56F7-7D54-4A40-A6AB-4D4AD17ADEB6}.Debug|x64.ActiveCfg = Debug|Any CPU
		{B46D56F7-7D54-4A40-A6AB-4D4AD17ADEB6}.Debug|x64.Build.0 = Debug|Any CPU
		{B46D56F7-7D54-4A40-A6AB-4D4AD17ADEB6}.Debug|x86.ActiveCfg = Debug|Any CPU
		{B46D56F7-7D54-4A40-A6AB-4D4AD17ADEB6}.Debug|x86.Build.0 = Debug|Any CPU
		{B46D56F7-7D54-4A40-A6AB-4D4AD17ADEB6}.Release|Any CPU.ActiveCfg = Release|Any CPU
		{B46D56F7-7D54-4A40-A6AB-4D4AD17ADEB6}.Release|Any CPU.Build.0 = Release|Any CPU
		{B46D56F7-7D54-4A40-A6AB-4D4AD17ADEB6}.Release|x64.ActiveCfg = Release|Any CPU
		{B46D56F7-7D54-4A40-A6AB-4D4AD17ADEB6}.Release|x64.Build.0 = Release|Any CPU
		{B46D56F7-7D54-4A40-A6AB-4D4AD17ADEB6}.Release|x86.ActiveCfg = Release|Any CPU
		{B46D56F7-7D54-4A40-A6AB-4D4AD17ADEB6}.Release|x86.Build.0 = Release|Any CPU
		{E32D5F77-F54A-4CC8-99C1-3630EE7CC94A}.Debug|Any CPU.ActiveCfg = Debug|Any CPU
		{E32D5F77-F54A-4CC8-99C1-3630EE7CC94A}.Debug|Any CPU.Build.0 = Debug|Any CPU
		{E32D5F77-F54A-4CC8-99C1-3630EE7CC94A}.Debug|x64.ActiveCfg = Debug|Any CPU
		{E32D5F77-F54A-4CC8-99C1-3630EE7CC94A}.Debug|x64.Build.0 = Debug|Any CPU
		{E32D5F77-F54A-4CC8-99C1-3630EE7CC94A}.Debug|x86.ActiveCfg = Debug|Any CPU
		{E32D5F77-F54A-4CC8-99C1-3630EE7CC94A}.Debug|x86.Build.0 = Debug|Any CPU
		{E32D5F77-F54A-4CC8-99C1-3630EE7CC94A}.Release|Any CPU.ActiveCfg = Release|Any CPU
		{E32D5F77-F54A-4CC8-99C1-3630EE7CC94A}.Release|Any CPU.Build.0 = Release|Any CPU
		{E32D5F77-F54A-4CC8-99C1-3630EE7CC94A}.Release|x64.ActiveCfg = Release|Any CPU
		{E32D5F77-F54A-4CC8-99C1-3630EE7CC94A}.Release|x64.Build.0 = Release|Any CPU
		{E32D5F77-F54A-4CC8-99C1-3630EE7CC94A}.Release|x86.ActiveCfg = Release|Any CPU
		{E32D5F77-F54A-4CC8-99C1-3630EE7CC94A}.Release|x86.Build.0 = Release|Any CPU
	EndGlobalSection
	GlobalSection(SolutionProperties) = preSolution
		HideSolutionNode = FALSE
	EndGlobalSection
EndGlobal
